
Microsoft Visual Studio Solution File, Format Version 12.00
# Visual Studio 15
VisualStudioVersion = 15.0.27130.2036
MinimumVisualStudioVersion = 10.0.40219.1
Project("{FAE04EC0-301F-11D3-BF4B-00C04F79EFBC}") = "ParserLinguagemOrquidea", "ParserLinguagemOrquidea.csproj", "{B08A9234-0F6F-44D1-8971-4E5957F9F304}"
EndProject
Global
	GlobalSection(SolutionConfigurationPlatforms) = preSolution
		Debug|Any CPU = Debug|Any CPU
		Release|Any CPU = Release|Any CPU
	EndGlobalSection
	GlobalSection(ProjectConfigurationPlatforms) = postSolution
		{B08A9234-0F6F-44D1-8971-4E5957F9F304}.Debug|Any CPU.ActiveCfg = Debug|Any CPU
		{B08A9234-0F6F-44D1-8971-4E5957F9F304}.Debug|Any CPU.Build.0 = Debug|Any CPU
		{B08A9234-0F6F-44D1-8971-4E5957F9F304}.Release|Any CPU.ActiveCfg = Release|Any CPU
		{B08A9234-0F6F-44D1-8971-4E5957F9F304}.Release|Any CPU.Build.0 = Release|Any CPU
	EndGlobalSection
	GlobalSection(SolutionProperties) = preSolution
		HideSolutionNode = FALSE
	EndGlobalSection
	GlobalSection(ExtensibilityGlobals) = postSolution
		SolutionGuid = {59C49CEE-597B-4D94-B99A-84590E034872}
	EndGlobalSection
EndGlobal
